
Microsoft Visual Studio Solution File, Format Version 12.00
# Visual Studio Version 17
VisualStudioVersion = 17.11.35327.3
MinimumVisualStudioVersion = 10.0.40219.1
Project("{FAE04EC0-301F-11D3-BF4B-00C04F79EFBC}") = "Ratiu_Ruxandra_Lab1", "Ratiu_Ruxandra_Lab1.csproj", "{FA3CF97C-7206-4E2D-8768-DF57B7361D0B}"
EndProject
Global
	GlobalSection(SolutionConfigurationPlatforms) = preSolution
		Debug|Any CPU = Debug|Any CPU
		Release|Any CPU = Release|Any CPU
	EndGlobalSection
	GlobalSection(ProjectConfigurationPlatforms) = postSolution
		{FA3CF97C-7206-4E2D-8768-DF57B7361D0B}.Debug|Any CPU.ActiveCfg = Debug|Any CPU
		{FA3CF97C-7206-4E2D-8768-DF57B7361D0B}.Debug|Any CPU.Build.0 = Debug|Any CPU
		{FA3CF97C-7206-4E2D-8768-DF57B7361D0B}.Release|Any CPU.ActiveCfg = Release|Any CPU
		{FA3CF97C-7206-4E2D-8768-DF57B7361D0B}.Release|Any CPU.Build.0 = Release|Any CPU
	EndGlobalSection
	GlobalSection(SolutionProperties) = preSolution
		HideSolutionNode = FALSE
	EndGlobalSection
	GlobalSection(ExtensibilityGlobals) = postSolution
		SolutionGuid = {59F9A310-0A56-42B9-B5E1-2AC02AFE32A2}
	EndGlobalSection
EndGlobal
